
Microsoft Visual Studio Solution File, Format Version 12.00
# Visual Studio 14
VisualStudioVersion = 14.0.25420.1
MinimumVisualStudioVersion = 10.0.40219.1
Project("{159641D6-6404-4A2A-AE62-294DE0FE8301}") = "Chargeback Validation Project", "Chargeback Validation Project\Chargeback Validation Project.dtproj", "{A1664444-7D74-4FAC-9124-A878CE72D48C}"
EndProject
Global
	GlobalSection(SolutionConfigurationPlatforms) = preSolution
		Development|Default = Development|Default
	EndGlobalSection
	GlobalSection(ProjectConfigurationPlatforms) = postSolution
		{A1664444-7D74-4FAC-9124-A878CE72D48C}.Development|Default.ActiveCfg = Development
		{A1664444-7D74-4FAC-9124-A878CE72D48C}.Development|Default.Build.0 = Development
	EndGlobalSection
	GlobalSection(SolutionProperties) = preSolution
		HideSolutionNode = FALSE
	EndGlobalSection
EndGlobal
